
Microsoft Visual Studio Solution File, Format Version 12.00
# Visual Studio Version 16
VisualStudioVersion = 16.0.28803.156
MinimumVisualStudioVersion = 10.0.40219.1
Project("{8BC9CEB8-8B4A-11D0-8D11-00A0C91BC942}") = "Laba1", "Laba1.vcxproj", "{F2E7FC12-9DBE-47CA-925B-A7B0B4EAEEBF}"
EndProject
Global
	GlobalSection(SolutionConfigurationPlatforms) = preSolution
		Debug|x64 = Debug|x64
		Debug|x86 = Debug|x86
		Release|x64 = Release|x64
		Release|x86 = Release|x86
	EndGlobalSection
	GlobalSection(ProjectConfigurationPlatforms) = postSolution
		{F2E7FC12-9DBE-47CA-925B-A7B0B4EAEEBF}.Debug|x64.ActiveCfg = Debug|x64
		{F2E7FC12-9DBE-47CA-925B-A7B0B4EAEEBF}.Debug|x64.Build.0 = Debug|x64
		{F2E7FC12-9DBE-47CA-925B-A7B0B4EAEEBF}.Debug|x86.ActiveCfg = Debug|Win32
		{F2E7FC12-9DBE-47CA-925B-A7B0B4EAEEBF}.Debug|x86.Build.0 = Debug|Win32
		{F2E7FC12-9DBE-47CA-925B-A7B0B4EAEEBF}.Release|x64.ActiveCfg = Release|x64
		{F2E7FC12-9DBE-47CA-925B-A7B0B4EAEEBF}.Release|x64.Build.0 = Release|x64
		{F2E7FC12-9DBE-47CA-925B-A7B0B4EAEEBF}.Release|x86.ActiveCfg = Release|Win32
		{F2E7FC12-9DBE-47CA-925B-A7B0B4EAEEBF}.Release|x86.Build.0 = Release|Win32
	EndGlobalSection
	GlobalSection(SolutionProperties) = preSolution
		HideSolutionNode = FALSE
	EndGlobalSection
	GlobalSection(ExtensibilityGlobals) = postSolution
		SolutionGuid = {F67ADDCA-11A8-4F7F-AA13-5997D8B203B2}
	EndGlobalSection
EndGlobal
